// !$*UTF8*$!
{
	archiveVersion = 1;
	classes = {
	};
	objectVersion = 50;
	objects = {

/* Begin PBXBuildFile section */
		119127C323C18ED800DBC303 /* main.swift in Sources */ = {isa = PBXBuildFile; fileRef = 119127C223C18ED800DBC303 /* main.swift */; };
		119127CC23C18F2E00DBC303 /* BasicLexer.swift in Sources */ = {isa = PBXBuildFile; fileRef = 119127CB23C18F2E00DBC303 /* BasicLexer.swift */; };
		119127CE23C18FE000DBC303 /* BasicToken.swift in Sources */ = {isa = PBXBuildFile; fileRef = 119127CD23C18FE000DBC303 /* BasicToken.swift */; };
		119127D023C1C0CA00DBC303 /* Character+isEmoji+isValidForToken.swift in Sources */ = {isa = PBXBuildFile; fileRef = 119127CF23C1C0CA00DBC303 /* Character+isEmoji+isValidForToken.swift */; };
		119127D223C3B3F700DBC303 /* BasicParser.swift in Sources */ = {isa = PBXBuildFile; fileRef = 119127D123C3B3F700DBC303 /* BasicParser.swift */; };
		119127D423C3B6B100DBC303 /* Stack.swift in Sources */ = {isa = PBXBuildFile; fileRef = 119127D323C3B6B100DBC303 /* Stack.swift */; };
		119127D623C43F9C00DBC303 /* SymbolMap.swift in Sources */ = {isa = PBXBuildFile; fileRef = 119127D523C43F9C00DBC303 /* SymbolMap.swift */; };
		119127D823C5998600DBC303 /* BasicDelegate.swift in Sources */ = {isa = PBXBuildFile; fileRef = 119127D723C5998600DBC303 /* BasicDelegate.swift */; };
		119127DA23C6DC0D00DBC303 /* LabelMap.swift in Sources */ = {isa = PBXBuildFile; fileRef = 119127D923C6DC0D00DBC303 /* LabelMap.swift */; };
/* End PBXBuildFile section */

/* Begin PBXCopyFilesBuildPhase section */
		119127BD23C18ED800DBC303 /* CopyFiles */ = {
			isa = PBXCopyFilesBuildPhase;
			buildActionMask = 2147483647;
			dstPath = /usr/share/man/man1/;
			dstSubfolderSpec = 0;
			files = (
			);
			runOnlyForDeploymentPostprocessing = 1;
		};
/* End PBXCopyFilesBuildPhase section */

/* Begin PBXFileReference section */
		119127BF23C18ED800DBC303 /* SwiftBasic-Core */ = {isa = PBXFileReference; explicitFileType = "compiled.mach-o.executable"; includeInIndex = 0; path = "SwiftBasic-Core"; sourceTree = BUILT_PRODUCTS_DIR; };
		119127C223C18ED800DBC303 /* main.swift */ = {isa = PBXFileReference; lastKnownFileType = sourcecode.swift; path = main.swift; sourceTree = "<group>"; };
		119127CB23C18F2E00DBC303 /* BasicLexer.swift */ = {isa = PBXFileReference; lastKnownFileType = sourcecode.swift; path = BasicLexer.swift; sourceTree = "<group>"; };
		119127CD23C18FE000DBC303 /* BasicToken.swift */ = {isa = PBXFileReference; lastKnownFileType = sourcecode.swift; path = BasicToken.swift; sourceTree = "<group>"; };
		119127CF23C1C0CA00DBC303 /* Character+isEmoji+isValidForToken.swift */ = {isa = PBXFileReference; lastKnownFileType = sourcecode.swift; path = "Character+isEmoji+isValidForToken.swift"; sourceTree = "<group>"; };
		119127D123C3B3F700DBC303 /* BasicParser.swift */ = {isa = PBXFileReference; lastKnownFileType = sourcecode.swift; path = BasicParser.swift; sourceTree = "<group>"; };
		119127D323C3B6B100DBC303 /* Stack.swift */ = {isa = PBXFileReference; lastKnownFileType = sourcecode.swift; path = Stack.swift; sourceTree = "<group>"; };
		119127D523C43F9C00DBC303 /* SymbolMap.swift */ = {isa = PBXFileReference; lastKnownFileType = sourcecode.swift; path = SymbolMap.swift; sourceTree = "<group>"; };
		119127D723C5998600DBC303 /* BasicDelegate.swift */ = {isa = PBXFileReference; lastKnownFileType = sourcecode.swift; path = BasicDelegate.swift; sourceTree = "<group>"; };
		119127D923C6DC0D00DBC303 /* LabelMap.swift */ = {isa = PBXFileReference; lastKnownFileType = sourcecode.swift; path = LabelMap.swift; sourceTree = "<group>"; };
/* End PBXFileReference section */

/* Begin PBXFrameworksBuildPhase section */
		119127BC23C18ED800DBC303 /* Frameworks */ = {
			isa = PBXFrameworksBuildPhase;
			buildActionMask = 2147483647;
			files = (
			);
			runOnlyForDeploymentPostprocessing = 0;
		};
/* End PBXFrameworksBuildPhase section */

/* Begin PBXGroup section */
		119127B623C18ED800DBC303 = {
			isa = PBXGroup;
			children = (
				119127C123C18ED800DBC303 /* SwiftBasic-Core */,
				119127C023C18ED800DBC303 /* Products */,
			);
			sourceTree = "<group>";
		};
		119127C023C18ED800DBC303 /* Products */ = {
			isa = PBXGroup;
			children = (
				119127BF23C18ED800DBC303 /* SwiftBasic-Core */,
			);
			name = Products;
			sourceTree = "<group>";
		};
		119127C123C18ED800DBC303 /* SwiftBasic-Core */ = {
			isa = PBXGroup;
			children = (
				119127C223C18ED800DBC303 /* main.swift */,
				119127CB23C18F2E00DBC303 /* BasicLexer.swift */,
				119127CD23C18FE000DBC303 /* BasicToken.swift */,
				119127D123C3B3F700DBC303 /* BasicParser.swift */,
				119127D923C6DC0D00DBC303 /* LabelMap.swift */,
				119127D723C5998600DBC303 /* BasicDelegate.swift */,
				119127D323C3B6B100DBC303 /* Stack.swift */,
				119127D523C43F9C00DBC303 /* SymbolMap.swift */,
				119127CF23C1C0CA00DBC303 /* Character+isEmoji+isValidForToken.swift */,
			);
			path = "SwiftBasic-Core";
			sourceTree = "<group>";
		};
/* End PBXGroup section */

/* Begin PBXNativeTarget section */
		119127BE23C18ED800DBC303 /* SwiftBasic-Core */ = {
			isa = PBXNativeTarget;
			buildConfigurationList = 119127C623C18ED800DBC303 /* Build configuration list for PBXNativeTarget "SwiftBasic-Core" */;
			buildPhases = (
				119127BB23C18ED800DBC303 /* Sources */,
				119127BC23C18ED800DBC303 /* Frameworks */,
				119127BD23C18ED800DBC303 /* CopyFiles */,
			);
			buildRules = (
			);
			dependencies = (
			);
			name = "SwiftBasic-Core";
			productName = "SwiftBasic-Core";
			productReference = 119127BF23C18ED800DBC303 /* SwiftBasic-Core */;
			productType = "com.apple.product-type.tool";
		};
/* End PBXNativeTarget section */

/* Begin PBXProject section */
		119127B723C18ED800DBC303 /* Project object */ = {
			isa = PBXProject;
			attributes = {
				LastSwiftUpdateCheck = 1130;
				LastUpgradeCheck = 1130;
				ORGANIZATIONNAME = "Zaccari Silverman";
				TargetAttributes = {
					119127BE23C18ED800DBC303 = {
						CreatedOnToolsVersion = 11.3;
					};
				};
			};
			buildConfigurationList = 119127BA23C18ED800DBC303 /* Build configuration list for PBXProject "SwiftBasic-Core" */;
			compatibilityVersion = "Xcode 9.3";
			developmentRegion = en;
			hasScannedForEncodings = 0;
			knownRegions = (
				en,
				Base,
			);
			mainGroup = 119127B623C18ED800DBC303;
			productRefGroup = 119127C023C18ED800DBC303 /* Products */;
			projectDirPath = "";
			projectRoot = "";
			targets = (
				119127BE23C18ED800DBC303 /* SwiftBasic-Core */,
			);
		};
/* End PBXProject section */

/* Begin PBXSourcesBuildPhase section */
		119127BB23C18ED800DBC303 /* Sources */ = {
			isa = PBXSourcesBuildPhase;
			buildActionMask = 2147483647;
			files = (
				119127DA23C6DC0D00DBC303 /* LabelMap.swift in Sources */,
				119127D023C1C0CA00DBC303 /* Character+isEmoji+isValidForToken.swift in Sources */,
				119127D223C3B3F700DBC303 /* BasicParser.swift in Sources */,
				119127D423C3B6B100DBC303 /* Stack.swift in Sources */,
				119127D823C5998600DBC303 /* BasicDelegate.swift in Sources */,
				119127C323C18ED800DBC303 /* main.swift in Sources */,
				119127D623C43F9C00DBC303 /* SymbolMap.swift in Sources */,
				119127CC23C18F2E00DBC303 /* BasicLexer.swift in Sources */,
				119127CE23C18FE000DBC303 /* BasicToken.swift in Sources */,
			);
			runOnlyForDeploymentPostprocessing = 0;
		};
/* End PBXSourcesBuildPhase section */

/* Begin XCBuildConfiguration section */
		119127C423C18ED800DBC303 /* Debug */ = {
			isa = XCBuildConfiguration;
			buildSettings = {
				ALWAYS_SEARCH_USER_PATHS = NO;
				CLANG_ANALYZER_NONNULL = YES;
				CLANG_ANALYZER_NUMBER_OBJECT_CONVERSION = YES_AGGRESSIVE;
				CLANG_CXX_LANGUAGE_STANDARD = "gnu++14";
				CLANG_CXX_LIBRARY = "libc++";
				CLANG_ENABLE_MODULES = YES;
				CLANG_ENABLE_OBJC_ARC = YES;
				CLANG_ENABLE_OBJC_WEAK = YES;
				CLANG_WARN_BLOCK_CAPTURE_AUTORELEASING = YES;
				CLANG_WARN_BOOL_CONVERSION = YES;
				CLANG_WARN_COMMA = YES;
				CLANG_WARN_CONSTANT_CONVERSION = YES;
				CLANG_WARN_DEPRECATED_OBJC_IMPLEMENTATIONS = YES;
				CLANG_WARN_DIRECT_OBJC_ISA_USAGE = YES_ERROR;
				CLANG_WARN_DOCUMENTATION_COMMENTS = YES;
				CLANG_WARN_EMPTY_BODY = YES;
				CLANG_WARN_ENUM_CONVERSION = YES;
				CLANG_WARN_INFINITE_RECURSION = YES;
				CLANG_WARN_INT_CONVERSION = YES;
				CLANG_WARN_NON_LITERAL_NULL_CONVERSION = YES;
				CLANG_WARN_OBJC_IMPLICIT_RETAIN_SELF = YES;
				CLANG_WARN_OBJC_LITERAL_CONVERSION = YES;
				CLANG_WARN_OBJC_ROOT_CLASS = YES_ERROR;
				CLANG_WARN_RANGE_LOOP_ANALYSIS = YES;
				CLANG_WARN_STRICT_PROTOTYPES = YES;
				CLANG_WARN_SUSPICIOUS_MOVE = YES;
				CLANG_WARN_UNGUARDED_AVAILABILITY = YES_AGGRESSIVE;
				CLANG_WARN_UNREACHABLE_CODE = YES;
				CLANG_WARN__DUPLICATE_METHOD_MATCH = YES;
				COPY_PHASE_STRIP = NO;
				DEBUG_INFORMATION_FORMAT = dwarf;
				ENABLE_STRICT_OBJC_MSGSEND = YES;
				ENABLE_TESTABILITY = YES;
				GCC_C_LANGUAGE_STANDARD = gnu11;
				GCC_DYNAMIC_NO_PIC = NO;
				GCC_NO_COMMON_BLOCKS = YES;
				GCC_OPTIMIZATION_LEVEL = 0;
				GCC_PREPROCESSOR_DEFINITIONS = (
					"DEBUG=1",
					"$(inherited)",
				);
				GCC_WARN_64_TO_32_BIT_CONVERSION = YES;
				GCC_WARN_ABOUT_RETURN_TYPE = YES_ERROR;
				GCC_WARN_UNDECLARED_SELECTOR = YES;
				GCC_WARN_UNINITIALIZED_AUTOS = YES_AGGRESSIVE;
				GCC_WARN_UNUSED_FUNCTION = YES;
				GCC_WARN_UNUSED_VARIABLE = YES;
				MACOSX_DEPLOYMENT_TARGET = 10.15;
				MTL_ENABLE_DEBUG_INFO = INCLUDE_SOURCE;
				MTL_FAST_MATH = YES;
				ONLY_ACTIVE_ARCH = YES;
				SDKROOT = macosx;
				SWIFT_ACTIVE_COMPILATION_CONDITIONS = DEBUG;
				SWIFT_OPTIMIZATION_LEVEL = "-Onone";
			};
			name = Debug;
		};
		119127C523C18ED800DBC303 /* Release */ = {
			isa = XCBuildConfiguration;
			buildSettings = {
				ALWAYS_SEARCH_USER_PATHS = NO;
				CLANG_ANALYZER_NONNULL = YES;
				CLANG_ANALYZER_NUMBER_OBJECT_CONVERSION = YES_AGGRESSIVE;
				CLANG_CXX_LANGUAGE_STANDARD = "gnu++14";
				CLANG_CXX_LIBRARY = "libc++";
				CLANG_ENABLE_MODULES = YES;
				CLANG_ENABLE_OBJC_ARC = YES;
				CLANG_ENABLE_OBJC_WEAK = YES;
				CLANG_WARN_BLOCK_CAPTURE_AUTORELEASING = YES;
				CLANG_WARN_BOOL_CONVERSION = YES;
				CLANG_WARN_COMMA = YES;
				CLANG_WARN_CONSTANT_CONVERSION = YES;
				CLANG_WARN_DEPRECATED_OBJC_IMPLEMENTATIONS = YES;
				CLANG_WARN_DIRECT_OBJC_ISA_USAGE = YES_ERROR;
				CLANG_WARN_DOCUMENTATION_COMMENTS = YES;
				CLANG_WARN_EMPTY_BODY = YES;
				CLANG_WARN_ENUM_CONVERSION = YES;
				CLANG_WARN_INFINITE_RECURSION = YES;
				CLANG_WARN_INT_CONVERSION = YES;
				CLANG_WARN_NON_LITERAL_NULL_CONVERSION = YES;
				CLANG_WARN_OBJC_IMPLICIT_RETAIN_SELF = YES;
				CLANG_WARN_OBJC_LITERAL_CONVERSION = YES;
				CLANG_WARN_OBJC_ROOT_CLASS = YES_ERROR;
				CLANG_WARN_RANGE_LOOP_ANALYSIS = YES;
				CLANG_WARN_STRICT_PROTOTYPES = YES;
				CLANG_WARN_SUSPICIOUS_MOVE = YES;
				CLANG_WARN_UNGUARDED_AVAILABILITY = YES_AGGRESSIVE;
				CLANG_WARN_UNREACHABLE_CODE = YES;
				CLANG_WARN__DUPLICATE_METHOD_MATCH = YES;
				COPY_PHASE_STRIP = NO;
				DEBUG_INFORMATION_FORMAT = "dwarf-with-dsym";
				ENABLE_NS_ASSERTIONS = NO;
				ENABLE_STRICT_OBJC_MSGSEND = YES;
				GCC_C_LANGUAGE_STANDARD = gnu11;
				GCC_NO_COMMON_BLOCKS = YES;
				GCC_WARN_64_TO_32_BIT_CONVERSION = YES;
				GCC_WARN_ABOUT_RETURN_TYPE = YES_ERROR;
				GCC_WARN_UNDECLARED_SELECTOR = YES;
				GCC_WARN_UNINITIALIZED_AUTOS = YES_AGGRESSIVE;
				GCC_WARN_UNUSED_FUNCTION = YES;
				GCC_WARN_UNUSED_VARIABLE = YES;
				MACOSX_DEPLOYMENT_TARGET = 10.15;
				MTL_ENABLE_DEBUG_INFO = NO;
				MTL_FAST_MATH = YES;
				SDKROOT = macosx;
				SWIFT_COMPILATION_MODE = wholemodule;
				SWIFT_OPTIMIZATION_LEVEL = "-O";
			};
			name = Release;
		};
		119127C723C18ED800DBC303 /* Debug */ = {
			isa = XCBuildConfiguration;
			buildSettings = {
				CODE_SIGN_STYLE = Automatic;
				DEVELOPMENT_TEAM = 5KKJ8V67RN;
				ENABLE_HARDENED_RUNTIME = YES;
				PRODUCT_NAME = "$(TARGET_NAME)";
				SWIFT_VERSION = 5.0;
			};
			name = Debug;
		};
		119127C823C18ED800DBC303 /* Release */ = {
			isa = XCBuildConfiguration;
			buildSettings = {
				CODE_SIGN_STYLE = Automatic;
				DEVELOPMENT_TEAM = 5KKJ8V67RN;
				ENABLE_HARDENED_RUNTIME = YES;
				PRODUCT_NAME = "$(TARGET_NAME)";
				SWIFT_VERSION = 5.0;
			};
			name = Release;
		};
/* End XCBuildConfiguration section */

/* Begin XCConfigurationList section */
		119127BA23C18ED800DBC303 /* Build configuration list for PBXProject "SwiftBasic-Core" */ = {
			isa = XCConfigurationList;
			buildConfigurations = (
				119127C423C18ED800DBC303 /* Debug */,
				119127C523C18ED800DBC303 /* Release */,
			);
			defaultConfigurationIsVisible = 0;
			defaultConfigurationName = Release;
		};
		119127C623C18ED800DBC303 /* Build configuration list for PBXNativeTarget "SwiftBasic-Core" */ = {
			isa = XCConfigurationList;
			buildConfigurations = (
				119127C723C18ED800DBC303 /* Debug */,
				119127C823C18ED800DBC303 /* Release */,
			);
			defaultConfigurationIsVisible = 0;
			defaultConfigurationName = Release;
		};
/* End XCConfigurationList section */
	};
	rootObject = 119127B723C18ED800DBC303 /* Project object */;
}
